
Microsoft Visual Studio Solution File, Format Version 12.00
# Visual Studio Version 17
VisualStudioVersion = 17.8.34330.188
MinimumVisualStudioVersion = 10.0.40219.1
Project("{FAE04EC0-301F-11D3-BF4B-00C04F79EFBC}") = "myPortfolio", "myPortfolio\myPortfolio.csproj", "{D2267A9F-30E4-4969-8996-5943C54B426D}"
EndProject
Global
	GlobalSection(SolutionConfigurationPlatforms) = preSolution
		Debug|Any CPU = Debug|Any CPU
		Release|Any CPU = Release|Any CPU
	EndGlobalSection
	GlobalSection(ProjectConfigurationPlatforms) = postSolution
		{D2267A9F-30E4-4969-8996-5943C54B426D}.Debug|Any CPU.ActiveCfg = Debug|Any CPU
		{D2267A9F-30E4-4969-8996-5943C54B426D}.Debug|Any CPU.Build.0 = Debug|Any CPU
		{D2267A9F-30E4-4969-8996-5943C54B426D}.Release|Any CPU.ActiveCfg = Release|Any CPU
		{D2267A9F-30E4-4969-8996-5943C54B426D}.Release|Any CPU.Build.0 = Release|Any CPU
	EndGlobalSection
	GlobalSection(SolutionProperties) = preSolution
		HideSolutionNode = FALSE
	EndGlobalSection
	GlobalSection(ExtensibilityGlobals) = postSolution
		SolutionGuid = {5CFA223C-47CD-4B74-8F44-4FCC07118EBE}
	EndGlobalSection
EndGlobal
